
Microsoft Visual Studio Solution File, Format Version 12.00
# Visual Studio 15
VisualStudioVersion = 15.0.27703.2026
MinimumVisualStudioVersion = 10.0.40219.1
Project("{9A19103F-16F7-4668-BE54-9A1E7A4F7556}") = "WorkerSafetyService", "WorkerSafetyService.csproj", "{81B95DC1-844C-49C4-BD00-9A701BB9A8DA}"
EndProject
Global
	GlobalSection(SolutionConfigurationPlatforms) = preSolution
		Debug|Any CPU = Debug|Any CPU
		Release|Any CPU = Release|Any CPU
	EndGlobalSection
	GlobalSection(ProjectConfigurationPlatforms) = postSolution
		{81B95DC1-844C-49C4-BD00-9A701BB9A8DA}.Debug|Any CPU.ActiveCfg = Debug|Any CPU
		{81B95DC1-844C-49C4-BD00-9A701BB9A8DA}.Debug|Any CPU.Build.0 = Debug|Any CPU
		{81B95DC1-844C-49C4-BD00-9A701BB9A8DA}.Release|Any CPU.ActiveCfg = Release|Any CPU
		{81B95DC1-844C-49C4-BD00-9A701BB9A8DA}.Release|Any CPU.Build.0 = Release|Any CPU
	EndGlobalSection
	GlobalSection(SolutionProperties) = preSolution
		HideSolutionNode = FALSE
	EndGlobalSection
	GlobalSection(ExtensibilityGlobals) = postSolution
		SolutionGuid = {F1FB28C5-792D-4F09-8B9D-E96DAF14A9CC}
	EndGlobalSection
EndGlobal
